<?xml version="1.0" encoding="utf-8"?>
<Project ToolsVersion="4.0" xmlns="http://schemas.microsoft.com/developer/msbuild/2003">
  <ItemGroup>
    <Filter Include="Fichiers sources">
      <UniqueIdentifier>{4FC737F1-C7A5-4376-A066-2A32D752A2FF}</UniqueIdentifier>
      <Extensions>cpp;c;cc;cxx;def;odl;idl;hpj;bat;asm;asmx</Extensions>
    </Filter>
    <Filter Include="Fichiers d%27en-tête">
      <UniqueIdentifier>{93995380-89BD-4b04-88EB-625FBE52EBFB}</UniqueIdentifier>
      <Extensions>h;hh;hpp;hxx;hm;inl;inc;xsd</Extensions>
    </Filter>
    <Filter Include="Fichiers de ressources">
      <UniqueIdentifier>{67DA6AB6-F800-4c08-8B7A-83BB121AAD01}</UniqueIdentifier>
      <Extensions>rc;ico;cur;bmp;dlg;rc2;rct;bin;rgs;gif;jpg;jpeg;jpe;resx;tiff;tif;png;wav;mfcribbon-ms</Extensions>
    </Filter>
    <Filter Include="Fichiers d%27en-tête\Visiteur">
      <UniqueIdentifier>{29587a61-d52d-490b-b9f3-e1667e5c0c80}</UniqueIdentifier>
    </Filter>
    <Filter Include="Fichiers sources\Visiteur">
      <UniqueIdentifier>{2a599bd1-ab5f-4061-9623-4bcc2ab09dee}</UniqueIdentifier>
    </Filter>
    <Filter Include="Fichiers d%27en-tête\Visiteur\Sauvegarde">
      <UniqueIdentifier>{8d14dab6-35ad-4b13-b25c-947bd7658cbe}</UniqueIdentifier>
    </Filter>
    <Filter Include="Fichiers sources\Visiteur\Sauvegarde">
      <UniqueIdentifier>{cb39d79d-c068-47ac-ba34-084b1dcc864d}</UniqueIdentifier>
    </Filter>
    <Filter Include="Fichiers sources\Client">
      <UniqueIdentifier>{ba44e9b8-ada4-4e74-8fe4-2b6ab7716848}</UniqueIdentifier>
    </Filter>
    <Filter Include="Fichiers d%27en-tête\Client">
      <UniqueIdentifier>{b03cdfc9-eb0f-41ad-9976-ecd56b438f33}</UniqueIdentifier>
    </Filter>
    <Filter Include="Fichiers d%27en-tête\Serveur">
      <UniqueIdentifier>{99472343-4fa6-4802-9748-3e49070f7505}</UniqueIdentifier>
    </Filter>
    <Filter Include="Fichiers sources\Serveur">
      <UniqueIdentifier>{e482b23e-14f4-48b4-8843-46f71547f0c3}</UniqueIdentifier>
    </Filter>
    <Filter Include="Fichiers d%27en-tête\Exceptions">
      <UniqueIdentifier>{8498f366-7f2a-4b53-895b-9d19d5b96612}</UniqueIdentifier>
    </Filter>
    <Filter Include="Fichiers sources\Exceptions">
      <UniqueIdentifier>{125a01ba-c75e-4db7-9775-dcab2d4b3922}</UniqueIdentifier>
    </Filter>
    <Filter Include="Fichiers d%27en-tête\Géométrie">
      <UniqueIdentifier>{094df73c-c781-4265-b8ab-24b7eb6c0d98}</UniqueIdentifier>
    </Filter>
    <Filter Include="Fichiers sources\Géométrie">
      <UniqueIdentifier>{070dd705-4e2e-4734-b846-9e9f98837157}</UniqueIdentifier>
    </Filter>
    <Filter Include="Fichiers sources\Géométrie\Formes">
      <UniqueIdentifier>{cda65314-045d-47ea-838c-329c07042fa1}</UniqueIdentifier>
    </Filter>
    <Filter Include="Fichiers sources\Géométrie\Formes\Formes composées">
      <UniqueIdentifier>{54bc899f-c7f6-4686-b3cf-4528cf586675}</UniqueIdentifier>
    </Filter>
    <Filter Include="Fichiers sources\Géométrie\Formes\Formes simples">
      <UniqueIdentifier>{d903605b-a16f-4fa9-8d14-7130b1005c82}</UniqueIdentifier>
    </Filter>
    <Filter Include="Fichiers sources\Géométrie\Formes\Formes simples\Polygones">
      <UniqueIdentifier>{8f21dab7-7071-45bd-9a8a-383fbf83972c}</UniqueIdentifier>
    </Filter>
    <Filter Include="Fichiers sources\Géométrie\Formes\Formes simples\Polygones\Formes préconstruites">
      <UniqueIdentifier>{910a61cd-7f3e-455a-817a-a7b6eb78bb1e}</UniqueIdentifier>
    </Filter>
    <Filter Include="Fichiers sources\Géométrie\Maths">
      <UniqueIdentifier>{0bcd59dc-25bd-4ed9-ac43-b8af51a3d831}</UniqueIdentifier>
    </Filter>
    <Filter Include="Fichiers d%27en-tête\Géométrie\Formes">
      <UniqueIdentifier>{81140f74-774f-4a53-81bc-0202247ef52d}</UniqueIdentifier>
    </Filter>
    <Filter Include="Fichiers d%27en-tête\Géométrie\Formes\Formes simples">
      <UniqueIdentifier>{df9f6655-e756-4ab0-a89f-43b6757229cf}</UniqueIdentifier>
    </Filter>
    <Filter Include="Fichiers d%27en-tête\Géométrie\Formes\Formes simples\Polygones">
      <UniqueIdentifier>{56797c78-f900-427e-9a43-6e7665599dbc}</UniqueIdentifier>
    </Filter>
    <Filter Include="Fichiers d%27en-tête\Géométrie\Formes\Formes simples\Polygones\Formes préconstruites">
      <UniqueIdentifier>{b72e6516-a1e3-4211-ad31-053fcc5eda13}</UniqueIdentifier>
    </Filter>
    <Filter Include="Fichiers d%27en-tête\Géométrie\Formes\Formes composées">
      <UniqueIdentifier>{2c232dec-6fdd-43b9-affc-635311835826}</UniqueIdentifier>
    </Filter>
    <Filter Include="Fichiers d%27en-tête\Géométrie\Maths">
      <UniqueIdentifier>{60405393-f877-4306-9711-da4acabe6bf0}</UniqueIdentifier>
    </Filter>
    <Filter Include="Fichiers sources\Visiteur\Dessin">
      <UniqueIdentifier>{b8c70ab3-f2b6-48b7-ab8c-cbcd55e82eff}</UniqueIdentifier>
    </Filter>
    <Filter Include="Fichiers d%27en-tête\Visiteur\Dessin">
      <UniqueIdentifier>{c97b9867-b5f9-4390-a8b3-3adb6255b954}</UniqueIdentifier>
    </Filter>
  </ItemGroup>
  <ItemGroup>
    <ClCompile Include="FormeGeo.cpp">
      <Filter>Fichiers sources\Géométrie\Formes</Filter>
    </ClCompile>
    <ClCompile Include="Main.cpp">
      <Filter>Fichiers sources</Filter>
    </ClCompile>
    <ClCompile Include="FormeGeoSimple.cpp">
      <Filter>Fichiers sources\Géométrie\Formes\Formes simples</Filter>
    </ClCompile>
    <ClCompile Include="Vecteur2D.cpp">
      <Filter>Fichiers sources\Géométrie\Maths</Filter>
    </ClCompile>
    <ClCompile Include="Groupe.cpp">
      <Filter>Fichiers sources\Géométrie\Formes\Formes composées</Filter>
    </ClCompile>
    <ClCompile Include="Cercle.cpp">
      <Filter>Fichiers sources\Géométrie\Formes\Formes simples\Polygones\Formes préconstruites</Filter>
    </ClCompile>
    <ClCompile Include="Segment.cpp">
      <Filter>Fichiers sources\Géométrie\Formes\Formes simples\Polygones\Formes préconstruites</Filter>
    </ClCompile>
    <ClCompile Include="Triangle.cpp">
      <Filter>Fichiers sources\Géométrie\Formes\Formes simples\Polygones\Formes préconstruites</Filter>
    </ClCompile>
    <ClCompile Include="Polygone.cpp">
      <Filter>Fichiers sources\Géométrie\Formes\Formes simples\Polygones</Filter>
    </ClCompile>
    <ClCompile Include="IVisiteur.cpp">
      <Filter>Fichiers sources\Visiteur</Filter>
    </ClCompile>
    <ClCompile Include="VisiteurSauvegarde.cpp">
      <Filter>Fichiers sources\Visiteur\Sauvegarde</Filter>
    </ClCompile>
    <ClCompile Include="SauvegardeTexte.cpp">
      <Filter>Fichiers sources\Visiteur\Sauvegarde</Filter>
    </ClCompile>
    <ClCompile Include="MaWinsock.cpp">
      <Filter>Fichiers sources\Serveur</Filter>
    </ClCompile>
    <ClCompile Include="Erreur.cpp">
      <Filter>Fichiers sources\Exceptions</Filter>
    </ClCompile>
    <ClCompile Include="Menu.cpp">
      <Filter>Fichiers sources\Client</Filter>
    </ClCompile>
    <ClCompile Include="ClientDessin.cpp">
      <Filter>Fichiers sources\Client</Filter>
    </ClCompile>
    <ClCompile Include="VisiteurDessin.cpp">
      <Filter>Fichiers sources\Visiteur\Dessin</Filter>
    </ClCompile>
  </ItemGroup>
  <ItemGroup>
    <ClInclude Include="FormeGeo.h">
      <Filter>Fichiers d%27en-tête\Géométrie\Formes</Filter>
    </ClInclude>
    <ClInclude Include="FormeGeoSimple.h">
      <Filter>Fichiers d%27en-tête\Géométrie\Formes\Formes simples</Filter>
    </ClInclude>
    <ClInclude Include="Vecteur2D.h">
      <Filter>Fichiers d%27en-tête\Géométrie\Maths</Filter>
    </ClInclude>
    <ClInclude Include="Groupe.h">
      <Filter>Fichiers d%27en-tête\Géométrie\Formes\Formes composées</Filter>
    </ClInclude>
    <ClInclude Include="Polygone.h">
      <Filter>Fichiers d%27en-tête\Géométrie\Formes\Formes simples\Polygones</Filter>
    </ClInclude>
    <ClInclude Include="Cercle.h">
      <Filter>Fichiers d%27en-tête\Géométrie\Formes\Formes simples\Polygones\Formes préconstruites</Filter>
    </ClInclude>
    <ClInclude Include="Segment.h">
      <Filter>Fichiers d%27en-tête\Géométrie\Formes\Formes simples\Polygones\Formes préconstruites</Filter>
    </ClInclude>
    <ClInclude Include="Triangle.h">
      <Filter>Fichiers d%27en-tête\Géométrie\Formes\Formes simples\Polygones\Formes préconstruites</Filter>
    </ClInclude>
    <ClInclude Include="IVisiteur.h">
      <Filter>Fichiers d%27en-tête\Visiteur</Filter>
    </ClInclude>
    <ClInclude Include="VisiteurSauvegarde.h">
      <Filter>Fichiers d%27en-tête\Visiteur\Sauvegarde</Filter>
    </ClInclude>
    <ClInclude Include="SauvegardeTexte.h">
      <Filter>Fichiers d%27en-tête\Visiteur\Sauvegarde</Filter>
    </ClInclude>
    <ClInclude Include="MaWinsock.h">
      <Filter>Fichiers d%27en-tête\Serveur</Filter>
    </ClInclude>
    <ClInclude Include="Erreur.h">
      <Filter>Fichiers d%27en-tête\Exceptions</Filter>
    </ClInclude>
    <ClInclude Include="Menu.h">
      <Filter>Fichiers d%27en-tête\Client</Filter>
    </ClInclude>
    <ClInclude Include="ClientDessin.h">
      <Filter>Fichiers d%27en-tête\Client</Filter>
    </ClInclude>
    <ClInclude Include="VisiteurDessin.h">
      <Filter>Fichiers d%27en-tête\Visiteur\Dessin</Filter>
    </ClInclude>
  </ItemGroup>
  <ItemGroup>
    <None Include="ClassDiagram.cd" />
  </ItemGroup>
</Project>